
Microsoft Visual Studio Solution File, Format Version 12.00
# Visual Studio Version 17
VisualStudioVersion = 17.1.32319.34
MinimumVisualStudioVersion = 10.0.40219.1
Project("{FAE04EC0-301F-11D3-BF4B-00C04F79EFBC}") = "MyFirstProjectMVC1", "MyFirstProjectMVC1\MyFirstProjectMVC1.csproj", "{89D041BC-EDA2-4313-8B67-84EE61449629}"
EndProject
Global
	GlobalSection(SolutionConfigurationPlatforms) = preSolution
		Debug|Any CPU = Debug|Any CPU
		Release|Any CPU = Release|Any CPU
	EndGlobalSection
	GlobalSection(ProjectConfigurationPlatforms) = postSolution
		{89D041BC-EDA2-4313-8B67-84EE61449629}.Debug|Any CPU.ActiveCfg = Debug|Any CPU
		{89D041BC-EDA2-4313-8B67-84EE61449629}.Debug|Any CPU.Build.0 = Debug|Any CPU
		{89D041BC-EDA2-4313-8B67-84EE61449629}.Release|Any CPU.ActiveCfg = Release|Any CPU
		{89D041BC-EDA2-4313-8B67-84EE61449629}.Release|Any CPU.Build.0 = Release|Any CPU
	EndGlobalSection
	GlobalSection(SolutionProperties) = preSolution
		HideSolutionNode = FALSE
	EndGlobalSection
	GlobalSection(ExtensibilityGlobals) = postSolution
		SolutionGuid = {37D8AFA2-C384-487F-9E1B-AB52BD48D3AE}
	EndGlobalSection
EndGlobal
